{
  "version": 2,
  "dependencies": {
    "net10.0": {
      "Atya.Foundation.Abstractions": {
        "type": "Transitive",
        "resolved": "1.0.3",
        "contentHash": "sfh4BEtjvlXzB3fDCfdgDdiZUmxhSAp3aVyIJKH01x2ycJnkOAgKKNTEAEeWDRXcLjdUJHPsjVILzuPEQvezYQ=="
      },
      "Atya.Data.Pagination": {
        "type": "Project",
        "dependencies": {
          "Atya.Foundation.Guards": "[1.0.2, )",
          "Atya.Foundation.Primitives": "[1.0.2, )"
        }
      },
      "Atya.Foundation.Guards": {
        "type": "CentralTransitive",
        "requested": "[1.0.2, )",
        "resolved": "1.0.2",
        "contentHash": "pK0hllKNECWmAK1XInrp94OSon9NFnbkPL/P37WzUD1riSR/AuaeRo0/VkPP8fw6KuAR3IrqsIHNv2l+soKBhA=="
      },
      "Atya.Foundation.Primitives": {
        "type": "CentralTransitive",
        "requested": "[1.0.2, )",
        "resolved": "1.0.2",
        "contentHash": "Y4N0+/PPUYSRB2n7r2ydaeiW8A5fYubjRvaWNoOc4C6XkK2bUCCZd4fzK8ZTpeiqs4APNFMFH3fdNO1Cc70zNA==",
        "dependencies": {
          "Atya.Foundation.Abstractions": "1.0.3",
          "Atya.Foundation.Guards": "1.0.0"
        }
      }
    }
  }
}